PODS:
  - cardsSdk (1.0):
    - XenditFingerprintSDK (= 1.0.1)
  - XenditFingerprintSDK (1.0.1)

DEPENDENCIES:
  - cardsSdk (from `../cardsSdk`)

SPEC REPOS:
  trunk:
    - XenditFingerprintSDK

EXTERNAL SOURCES:
  cardsSdk:
    :path: "../cardsSdk"

SPEC CHECKSUMS:
  cardsSdk: 9e0b4e91658434b731daf4d2262393018fe4f742
  XenditFingerprintSDK: 29410a2dcf467fe33d6e0167f590deae47c753ee

PODFILE CHECKSUM: 2d3ff3b1724835dab0bcce0b112c67a9f1440453

COCOAPODS: 1.16.2
