PODS:
  - cardsSdk (1.1.0):
    - XenditFingerprintSDK (= 1.0.1)
  - XenditFingerprintSDK (1.0.1)

DEPENDENCIES:
  - cardsSdk (from `../cardsSdk`)

SPEC REPOS:
  trunk:
    - XenditFingerprintSDK

EXTERNAL SOURCES:
  cardsSdk:
    :path: "../cardsSdk"

SPEC CHECKSUMS:
  cardsSdk: bf51b0308ce44de4af4c8cf2ab2168e91e955d5d
  XenditFingerprintSDK: 29410a2dcf467fe33d6e0167f590deae47c753ee

PODFILE CHECKSUM: 2d3ff3b1724835dab0bcce0b112c67a9f1440453

COCOAPODS: 1.16.2
